
Microsoft Visual Studio Solution File, Format Version 12.00
# Visual Studio 2013
VisualStudioVersion = 12.0.31101.0
MinimumVisualStudioVersion = 10.0.40219.1
Project("{FAE04EC0-301F-11D3-BF4B-00C04F79EFBC}") = "DataConverter", "DataConverter\DataConverter.csproj", "{383BD531-DDCA-43F6-92C4-F0E9E98D4FE0}"
EndProject
Global
	GlobalSection(TeamFoundationVersionControl) = preSolution
		SccNumberOfProjects = 2
		SccEnterpriseProvider = {4CA58AB2-18FA-4F8D-95D4-32DDF27D184C}
		SccTeamFoundationServer = http://svc-tfsbi:8080/tfs/bicollection
		SccLocalPath0 = .
		SccProjectUniqueName1 = DataConverter\\DataConverter.csproj
		SccProjectName1 = DataConverter
		SccLocalPath1 = DataConverter
	EndGlobalSection
	GlobalSection(SolutionConfigurationPlatforms) = preSolution
		Debug|Any CPU = Debug|Any CPU
		Release|Any CPU = Release|Any CPU
		Sql2008|Any CPU = Sql2008|Any CPU
		Sql2012|Any CPU = Sql2012|Any CPU
		Sql2014|Any CPU = Sql2014|Any CPU
	EndGlobalSection
	GlobalSection(ProjectConfigurationPlatforms) = postSolution
		{383BD531-DDCA-43F6-92C4-F0E9E98D4FE0}.Debug|Any CPU.ActiveCfg = Sql2014|Any CPU
		{383BD531-DDCA-43F6-92C4-F0E9E98D4FE0}.Debug|Any CPU.Build.0 = Sql2014|Any CPU
		{383BD531-DDCA-43F6-92C4-F0E9E98D4FE0}.Release|Any CPU.ActiveCfg = Sql2014|Any CPU
		{383BD531-DDCA-43F6-92C4-F0E9E98D4FE0}.Release|Any CPU.Build.0 = Sql2014|Any CPU
		{383BD531-DDCA-43F6-92C4-F0E9E98D4FE0}.Sql2008|Any CPU.ActiveCfg = Sql2008|Any CPU
		{383BD531-DDCA-43F6-92C4-F0E9E98D4FE0}.Sql2008|Any CPU.Build.0 = Sql2008|Any CPU
		{383BD531-DDCA-43F6-92C4-F0E9E98D4FE0}.Sql2012|Any CPU.ActiveCfg = Sql2012|Any CPU
		{383BD531-DDCA-43F6-92C4-F0E9E98D4FE0}.Sql2012|Any CPU.Build.0 = Sql2012|Any CPU
		{383BD531-DDCA-43F6-92C4-F0E9E98D4FE0}.Sql2014|Any CPU.ActiveCfg = Sql2014|Any CPU
		{383BD531-DDCA-43F6-92C4-F0E9E98D4FE0}.Sql2014|Any CPU.Build.0 = Sql2014|Any CPU
	EndGlobalSection
	GlobalSection(SolutionProperties) = preSolution
		HideSolutionNode = FALSE
	EndGlobalSection
	GlobalSection(SubversionScc) = preSolution
		Svn-Managed = True
		Manager = AnkhSVN - Subversion Support for Visual Studio
	EndGlobalSection
EndGlobal
